
Microsoft Visual Studio Solution File, Format Version 12.00
# Visual Studio Version 16
VisualStudioVersion = 16.0.30330.147
MinimumVisualStudioVersion = 10.0.40219.1
Project("{FAE04EC0-301F-11D3-BF4B-00C04F79EFBC}") = "VIN_LIB", "Libs\VIN_LIB.csproj", "{94B975FD-1B76-4144-B425-9BA0D39C9C95}"
EndProject
Project("{FAE04EC0-301F-11D3-BF4B-00C04F79EFBC}") = "REG_LIB_MARK", "REG_MARK\REG_LIB_MARK.csproj", "{1FFF5AB9-D345-4CC6-93F6-22D0B9EA98D7}"
EndProject
Project("{FAE04EC0-301F-11D3-BF4B-00C04F79EFBC}") = "REG_MARK_TESTS", "REG_MARK_TESTS\REG_MARK_TESTS.csproj", "{73132F0E-894D-498D-8845-865C573FE9C9}"
EndProject
Project("{FAE04EC0-301F-11D3-BF4B-00C04F79EFBC}") = "VIN_LIB_TESTS", "VIN_LIB_TESTS\VIN_LIB_TESTS.csproj", "{C96CD65F-5D81-4B8C-9F5F-900F3F969A22}"
EndProject
Global
	GlobalSection(SolutionConfigurationPlatforms) = preSolution
		Debug|Any CPU = Debug|Any CPU
		Release|Any CPU = Release|Any CPU
	EndGlobalSection
	GlobalSection(ProjectConfigurationPlatforms) = postSolution
		{94B975FD-1B76-4144-B425-9BA0D39C9C95}.Debug|Any CPU.ActiveCfg = Debug|Any CPU
		{94B975FD-1B76-4144-B425-9BA0D39C9C95}.Debug|Any CPU.Build.0 = Debug|Any CPU
		{94B975FD-1B76-4144-B425-9BA0D39C9C95}.Release|Any CPU.ActiveCfg = Release|Any CPU
		{94B975FD-1B76-4144-B425-9BA0D39C9C95}.Release|Any CPU.Build.0 = Release|Any CPU
		{1FFF5AB9-D345-4CC6-93F6-22D0B9EA98D7}.Debug|Any CPU.ActiveCfg = Debug|Any CPU
		{1FFF5AB9-D345-4CC6-93F6-22D0B9EA98D7}.Debug|Any CPU.Build.0 = Debug|Any CPU
		{1FFF5AB9-D345-4CC6-93F6-22D0B9EA98D7}.Release|Any CPU.ActiveCfg = Release|Any CPU
		{1FFF5AB9-D345-4CC6-93F6-22D0B9EA98D7}.Release|Any CPU.Build.0 = Release|Any CPU
		{73132F0E-894D-498D-8845-865C573FE9C9}.Debug|Any CPU.ActiveCfg = Debug|Any CPU
		{73132F0E-894D-498D-8845-865C573FE9C9}.Debug|Any CPU.Build.0 = Debug|Any CPU
		{73132F0E-894D-498D-8845-865C573FE9C9}.Release|Any CPU.ActiveCfg = Release|Any CPU
		{73132F0E-894D-498D-8845-865C573FE9C9}.Release|Any CPU.Build.0 = Release|Any CPU
		{C96CD65F-5D81-4B8C-9F5F-900F3F969A22}.Debug|Any CPU.ActiveCfg = Debug|Any CPU
		{C96CD65F-5D81-4B8C-9F5F-900F3F969A22}.Debug|Any CPU.Build.0 = Debug|Any CPU
		{C96CD65F-5D81-4B8C-9F5F-900F3F969A22}.Release|Any CPU.ActiveCfg = Release|Any CPU
		{C96CD65F-5D81-4B8C-9F5F-900F3F969A22}.Release|Any CPU.Build.0 = Release|Any CPU
	EndGlobalSection
	GlobalSection(SolutionProperties) = preSolution
		HideSolutionNode = FALSE
	EndGlobalSection
	GlobalSection(ExtensibilityGlobals) = postSolution
		SolutionGuid = {E6028798-0D44-459E-AE28-36B1FBF177FE}
	EndGlobalSection
EndGlobal
